
Microsoft Visual Studio Solution File, Format Version 12.00
# Visual Studio Version 16
VisualStudioVersion = 16.0.30907.101
MinimumVisualStudioVersion = 10.0.40219.1
Project("{FAE04EC0-301F-11D3-BF4B-00C04F79EFBC}") = "python_demo", "python_demo\python_demo.csproj", "{8B60BBC7-F204-4C75-8E96-567E19CDF088}"
EndProject
Global
	GlobalSection(SolutionConfigurationPlatforms) = preSolution
		Debug|Any CPU = Debug|Any CPU
		Release|Any CPU = Release|Any CPU
	EndGlobalSection
	GlobalSection(ProjectConfigurationPlatforms) = postSolution
		{8B60BBC7-F204-4C75-8E96-567E19CDF088}.Debug|Any CPU.ActiveCfg = Debug|Any CPU
		{8B60BBC7-F204-4C75-8E96-567E19CDF088}.Debug|Any CPU.Build.0 = Debug|Any CPU
		{8B60BBC7-F204-4C75-8E96-567E19CDF088}.Release|Any CPU.ActiveCfg = Release|Any CPU
		{8B60BBC7-F204-4C75-8E96-567E19CDF088}.Release|Any CPU.Build.0 = Release|Any CPU
	EndGlobalSection
	GlobalSection(SolutionProperties) = preSolution
		HideSolutionNode = FALSE
	EndGlobalSection
	GlobalSection(ExtensibilityGlobals) = postSolution
		SolutionGuid = {BC93F314-D0C0-4672-89F3-B528B818CFDA}
	EndGlobalSection
EndGlobal
