
Microsoft Visual Studio Solution File, Format Version 12.00
# Visual Studio Version 16
VisualStudioVersion = 16.0.31702.278
MinimumVisualStudioVersion = 10.0.40219.1
Project("{FAE04EC0-301F-11D3-BF4B-00C04F79EFBC}") = "test", "test\test.csproj", "{ACE9CC71-A6BB-4585-8914-7ADB1E218983}"
EndProject
Global
	GlobalSection(SolutionConfigurationPlatforms) = preSolution
		Debug|Any CPU = Debug|Any CPU
		Release|Any CPU = Release|Any CPU
	EndGlobalSection
	GlobalSection(ProjectConfigurationPlatforms) = postSolution
		{ACE9CC71-A6BB-4585-8914-7ADB1E218983}.Debug|Any CPU.ActiveCfg = Debug|Any CPU
		{ACE9CC71-A6BB-4585-8914-7ADB1E218983}.Debug|Any CPU.Build.0 = Debug|Any CPU
		{ACE9CC71-A6BB-4585-8914-7ADB1E218983}.Release|Any CPU.ActiveCfg = Release|Any CPU
		{ACE9CC71-A6BB-4585-8914-7ADB1E218983}.Release|Any CPU.Build.0 = Release|Any CPU
	EndGlobalSection
	GlobalSection(SolutionProperties) = preSolution
		HideSolutionNode = FALSE
	EndGlobalSection
	GlobalSection(ExtensibilityGlobals) = postSolution
		SolutionGuid = {F6832EAE-9EFE-450C-9BEE-FAF7E9D57E30}
	EndGlobalSection
EndGlobal
