
Microsoft Visual Studio Solution File, Format Version 12.00
# Visual Studio Version 17
VisualStudioVersion = 17.5.33516.290
MinimumVisualStudioVersion = 10.0.40219.1
Project("{FAE04EC0-301F-11D3-BF4B-00C04F79EFBC}") = "CPython-2", "CPython-2\CPython-2.csproj", "{D7DB9791-2CA0-4E8B-8095-A248A6CC15C1}"
EndProject
Global
	GlobalSection(SolutionConfigurationPlatforms) = preSolution
		Debug|Any CPU = Debug|Any CPU
		Release|Any CPU = Release|Any CPU
	EndGlobalSection
	GlobalSection(ProjectConfigurationPlatforms) = postSolution
		{D7DB9791-2CA0-4E8B-8095-A248A6CC15C1}.Debug|Any CPU.ActiveCfg = Debug|Any CPU
		{D7DB9791-2CA0-4E8B-8095-A248A6CC15C1}.Debug|Any CPU.Build.0 = Debug|Any CPU
		{D7DB9791-2CA0-4E8B-8095-A248A6CC15C1}.Release|Any CPU.ActiveCfg = Release|Any CPU
		{D7DB9791-2CA0-4E8B-8095-A248A6CC15C1}.Release|Any CPU.Build.0 = Release|Any CPU
	EndGlobalSection
	GlobalSection(SolutionProperties) = preSolution
		HideSolutionNode = FALSE
	EndGlobalSection
	GlobalSection(ExtensibilityGlobals) = postSolution
		SolutionGuid = {A0CF341F-8AF8-41E4-891D-8C9487FC0701}
	EndGlobalSection
EndGlobal
